# This file is automatically @generated by Poetry 1.6.1 and should not be changed by hand.

[[package]]
name = "anyio"
version = "4.2.0"
description = "High level compatibility layer for multiple asynchronous event loop implementations"
optional = false
python-versions = ">=3.8"
files = [
    {file = "anyio-4.2.0-py3-none-any.whl", hash = "sha256:745843b39e829e108e518c489b31dc757de7d2131d53fac32bd8df268227bfee"},
    {file = "anyio-4.2.0.tar.gz", hash = "sha256:e1875bb4b4e2de1669f4bc7869b6d3f54231cdced71605e6e64c9be77e3be50f"},
]

[package.dependencies]
exceptiongroup = {version = ">=1.0.2", markers = "python_version < \"3.11\""}
idna = ">=2.8"
sniffio = ">=1.1"
typing-extensions = {version = ">=4.1", markers = "python_version < \"3.11\""}

[package.extras]
doc = ["Sphinx (>=7)", "packaging", "sphinx-autodoc-typehints (>=1.2.0)", "sphinx-rtd-theme"]
test = ["anyio[trio]", "coverage[toml] (>=7)", "exceptiongroup (>=1.2.0)", "hypothesis (>=4.0)", "psutil (>=5.9)", "pytest (>=7.0)", "pytest-mock (>=3.6.1)", "trustme", "uvloop (>=0.17)"]
trio = ["trio (>=0.23)"]

[[package]]
name = "bitcoinrpc"
version = "0.6.1"
description = "Lightweight Bitcoin JSON-RPC Python asynchronous client"
optional = false
python-versions = ">=3.7"
files = [
    {file = "bitcoinrpc-0.6.1-py3-none-any.whl", hash = "sha256:dc73d5db2ba235f2195b4a2bf1f26923fc4938d39987fe5bd2d98649f00e7679"},
    {file = "bitcoinrpc-0.6.1.tar.gz", hash = "sha256:10b3818ae8ad7d28aac9911b28541585874d6a6c1a420cee63a9a93d2b22ec3a"},
]

[package.dependencies]
httpx = "<1"
orjson = ">=3"
typing-extensions = ">=3.7.4.3"

[[package]]
name = "certifi"
version = "2023.11.17"
description = "Python package for providing Mozilla's CA Bundle."
optional = false
python-versions = ">=3.6"
files = [
    {file = "certifi-2023.11.17-py3-none-any.whl", hash = "sha256:e036ab49d5b79556f99cfc2d9320b34cfbe5be05c5871b51de9329f0603b0474"},
    {file = "certifi-2023.11.17.tar.gz", hash = "sha256:9b469f3a900bf28dc19b8cfbf8019bf47f7fdd1a65a1d4ffb98fc14166beb4d1"},
]

[[package]]
name = "exceptiongroup"
version = "1.2.0"
description = "Backport of PEP 654 (exception groups)"
optional = false
python-versions = ">=3.7"
files = [
    {file = "exceptiongroup-1.2.0-py3-none-any.whl", hash = "sha256:4bfd3996ac73b41e9b9628b04e079f193850720ea5945fc96a08633c66912f14"},
    {file = "exceptiongroup-1.2.0.tar.gz", hash = "sha256:91f5c769735f051a4290d52edd0858999b57e5876e9f85937691bd4c9fa3ed68"},
]

[package.extras]
test = ["pytest (>=6)"]

[[package]]
name = "h11"
version = "0.14.0"
description = "A pure-Python, bring-your-own-I/O implementation of HTTP/1.1"
optional = false
python-versions = ">=3.7"
files = [
    {file = "h11-0.14.0-py3-none-any.whl", hash = "sha256:e3fe4ac4b851c468cc8363d500db52c2ead036020723024a109d37346efaa761"},
    {file = "h11-0.14.0.tar.gz", hash = "sha256:8f19fbbe99e72420ff35c00b27a34cb9937e902a8b810e2c88300c6f0a3b699d"},
]

[[package]]
name = "httpcore"
version = "1.0.2"
description = "A minimal low-level HTTP client."
optional = false
python-versions = ">=3.8"
files = [
    {file = "httpcore-1.0.2-py3-none-any.whl", hash = "sha256:096cc05bca73b8e459a1fc3dcf585148f63e534eae4339559c9b8a8d6399acc7"},
    {file = "httpcore-1.0.2.tar.gz", hash = "sha256:9fc092e4799b26174648e54b74ed5f683132a464e95643b226e00c2ed2fa6535"},
]

[package.dependencies]
certifi = "*"
h11 = ">=0.13,<0.15"

[package.extras]
asyncio = ["anyio (>=4.0,<5.0)"]
http2 = ["h2 (>=3,<5)"]
socks = ["socksio (==1.*)"]
trio = ["trio (>=0.22.0,<0.23.0)"]

[[package]]
name = "httpx"
version = "0.26.0"
description = "The next generation HTTP client."
optional = false
python-versions = ">=3.8"
files = [
    {file = "httpx-0.26.0-py3-none-any.whl", hash = "sha256:8915f5a3627c4d47b73e8202457cb28f1266982d1159bd5779d86a80c0eab1cd"},
    {file = "httpx-0.26.0.tar.gz", hash = "sha256:451b55c30d5185ea6b23c2c793abf9bb237d2a7dfb901ced6ff69ad37ec1dfaf"},
]

[package.dependencies]
anyio = "*"
certifi = "*"
httpcore = "==1.*"
idna = "*"
sniffio = "*"

[package.extras]
brotli = ["brotli", "brotlicffi"]
cli = ["click (==8.*)", "pygments (==2.*)", "rich (>=10,<14)"]
http2 = ["h2 (>=3,<5)"]
socks = ["socksio (==1.*)"]

[[package]]
name = "idna"
version = "3.6"
description = "Internationalized Domain Names in Applications (IDNA)"
optional = false
python-versions = ">=3.5"
files = [
    {file = "idna-3.6-py3-none-any.whl", hash = "sha256:c05567e9c24a6b9faaa835c4821bad0590fbb9d5779e7caa6e1cc4978e7eb24f"},
    {file = "idna-3.6.tar.gz", hash = "sha256:9ecdbbd083b06798ae1e86adcbfe8ab1479cf864e4ee30fe4e46a003d12491ca"},
]

[[package]]
name = "numpy"
version = "1.26.3"
description = "Fundamental package for array computing in Python"
optional = false
python-versions = ">=3.9"
files = [
    {file = "numpy-1.26.3-cp310-cp310-macosx_10_9_x86_64.whl", hash = "sha256:806dd64230dbbfaca8a27faa64e2f414bf1c6622ab78cc4264f7f5f028fee3bf"},
    {file = "numpy-1.26.3-cp310-cp310-macosx_11_0_arm64.whl", hash = "sha256:02f98011ba4ab17f46f80f7f8f1c291ee7d855fcef0a5a98db80767a468c85cd"},
    {file = "numpy-1.26.3-cp310-cp310-manylinux_2_17_aarch64.manylinux2014_aarch64.whl", hash = "sha256:6d45b3ec2faed4baca41c76617fcdcfa4f684ff7a151ce6fc78ad3b6e85af0a6"},
    {file = "numpy-1.26.3-cp310-cp310-manylinux_2_17_x86_64.manylinux2014_x86_64.whl", hash = "sha256:bdd2b45bf079d9ad90377048e2747a0c82351989a2165821f0c96831b4a2a54b"},
    {file = "numpy-1.26.3-cp310-cp310-musllinux_1_1_aarch64.whl", hash = "sha256:211ddd1e94817ed2d175b60b6374120244a4dd2287f4ece45d49228b4d529178"},
    {file = "numpy-1.26.3-cp310-cp310-musllinux_1_1_x86_64.whl", hash = "sha256:b1240f767f69d7c4c8a29adde2310b871153df9b26b5cb2b54a561ac85146485"},
    {file = "numpy-1.26.3-cp310-cp310-win32.whl", hash = "sha256:21a9484e75ad018974a2fdaa216524d64ed4212e418e0a551a2d83403b0531d3"},
    {file = "numpy-1.26.3-cp310-cp310-win_amd64.whl", hash = "sha256:9e1591f6ae98bcfac2a4bbf9221c0b92ab49762228f38287f6eeb5f3f55905ce"},
    {file = "numpy-1.26.3-cp311-cp311-macosx_10_9_x86_64.whl", hash = "sha256:b831295e5472954104ecb46cd98c08b98b49c69fdb7040483aff799a755a7374"},
    {file = "numpy-1.26.3-cp311-cp311-macosx_11_0_arm64.whl", hash = "sha256:9e87562b91f68dd8b1c39149d0323b42e0082db7ddb8e934ab4c292094d575d6"},
    {file = "numpy-1.26.3-cp311-cp311-manylinux_2_17_aarch64.manylinux2014_aarch64.whl", hash = "sha256:8c66d6fec467e8c0f975818c1796d25c53521124b7cfb760114be0abad53a0a2"},
    {file = "numpy-1.26.3-cp311-cp311-manylinux_2_17_x86_64.manylinux2014_x86_64.whl", hash = "sha256:f25e2811a9c932e43943a2615e65fc487a0b6b49218899e62e426e7f0a57eeda"},
    {file = "numpy-1.26.3-cp311-cp311-musllinux_1_1_aarch64.whl", hash = "sha256:af36e0aa45e25c9f57bf684b1175e59ea05d9a7d3e8e87b7ae1a1da246f2767e"},
    {file = "numpy-1.26.3-cp311-cp311-musllinux_1_1_x86_64.whl", hash = "sha256:51c7f1b344f302067b02e0f5b5d2daa9ed4a721cf49f070280ac202738ea7f00"},
    {file = "numpy-1.26.3-cp311-cp311-win32.whl", hash = "sha256:7ca4f24341df071877849eb2034948459ce3a07915c2734f1abb4018d9c49d7b"},
    {file = "numpy-1.26.3-cp311-cp311-win_amd64.whl", hash = "sha256:39763aee6dfdd4878032361b30b2b12593fb445ddb66bbac802e2113eb8a6ac4"},
    {file = "numpy-1.26.3-cp312-cp312-macosx_10_9_x86_64.whl", hash = "sha256:a7081fd19a6d573e1a05e600c82a1c421011db7935ed0d5c483e9dd96b99cf13"},
    {file = "numpy-1.26.3-cp312-cp312-macosx_11_0_arm64.whl", hash = "sha256:12c70ac274b32bc00c7f61b515126c9205323703abb99cd41836e8125ea0043e"},
    {file = "numpy-1.26.3-cp312-cp312-manylinux_2_17_aarch64.manylinux2014_aarch64.whl", hash = "sha256:7f784e13e598e9594750b2ef6729bcd5a47f6cfe4a12cca13def35e06d8163e3"},
    {file = "numpy-1.26.3-cp312-cp312-manylinux_2_17_x86_64.manylinux2014_x86_64.whl", hash = "sha256:5f24750ef94d56ce6e33e4019a8a4d68cfdb1ef661a52cdaee628a56d2437419"},
    {file = "numpy-1.26.3-cp312-cp312-musllinux_1_1_aarch64.whl", hash = "sha256:77810ef29e0fb1d289d225cabb9ee6cf4d11978a00bb99f7f8ec2132a84e0166"},
    {file = "numpy-1.26.3-cp312-cp312-musllinux_1_1_x86_64.whl", hash = "sha256:8ed07a90f5450d99dad60d3799f9c03c6566709bd53b497eb9ccad9a55867f36"},
    {file = "numpy-1.26.3-cp312-cp312-win32.whl", hash = "sha256:f73497e8c38295aaa4741bdfa4fda1a5aedda5473074369eca10626835445511"},
    {file = "numpy-1.26.3-cp312-cp312-win_amd64.whl", hash = "sha256:da4b0c6c699a0ad73c810736303f7fbae483bcb012e38d7eb06a5e3b432c981b"},
    {file = "numpy-1.26.3-cp39-cp39-macosx_10_9_x86_64.whl", hash = "sha256:1666f634cb3c80ccbd77ec97bc17337718f56d6658acf5d3b906ca03e90ce87f"},
    {file = "numpy-1.26.3-cp39-cp39-macosx_11_0_arm64.whl", hash = "sha256:18c3319a7d39b2c6a9e3bb75aab2304ab79a811ac0168a671a62e6346c29b03f"},
    {file = "numpy-1.26.3-cp39-cp39-manylinux_2_17_aarch64.manylinux2014_aarch64.whl", hash = "sha256:0b7e807d6888da0db6e7e75838444d62495e2b588b99e90dd80c3459594e857b"},
    {file = "numpy-1.26.3-cp39-cp39-manylinux_2_17_x86_64.manylinux2014_x86_64.whl", hash = "sha256:b4d362e17bcb0011738c2d83e0a65ea8ce627057b2fdda37678f4374a382a137"},
    {file = "numpy-1.26.3-cp39-cp39-musllinux_1_1_aarch64.whl", hash = "sha256:b8c275f0ae90069496068c714387b4a0eba5d531aace269559ff2b43655edd58"},
    {file = "numpy-1.26.3-cp39-cp39-musllinux_1_1_x86_64.whl", hash = "sha256:cc0743f0302b94f397a4a65a660d4cd24267439eb16493fb3caad2e4389bccbb"},
    {file = "numpy-1.26.3-cp39-cp39-win32.whl", hash = "sha256:9bc6d1a7f8cedd519c4b7b1156d98e051b726bf160715b769106661d567b3f03"},
    {file = "numpy-1.26.3-cp39-cp39-win_amd64.whl", hash = "sha256:867e3644e208c8922a3be26fc6bbf112a035f50f0a86497f98f228c50c607bb2"},
    {file = "numpy-1.26.3-pp39-pypy39_pp73-macosx_10_9_x86_64.whl", hash = "sha256:3c67423b3703f8fbd90f5adaa37f85b5794d3366948efe9a5190a5f3a83fc34e"},
    {file = "numpy-1.26.3-pp39-pypy39_pp73-manylinux_2_17_x86_64.manylinux2014_x86_64.whl", hash = "sha256:46f47ee566d98849323f01b349d58f2557f02167ee301e5e28809a8c0e27a2d0"},
    {file = "numpy-1.26.3-pp39-pypy39_pp73-win_amd64.whl", hash = "sha256:a8474703bffc65ca15853d5fd4d06b18138ae90c17c8d12169968e998e448bb5"},
    {file = "numpy-1.26.3.tar.gz", hash = "sha256:697df43e2b6310ecc9d95f05d5ef20eacc09c7c4ecc9da3f235d39e71b7da1e4"},
]

[[package]]
name = "orjson"
version = "3.9.10"
description = "Fast, correct Python JSON library supporting dataclasses, datetimes, and numpy"
optional = false
python-versions = ">=3.8"
files = [
    {file = "orjson-3.9.10-cp310-cp310-macosx_10_15_x86_64.macosx_11_0_arm64.macosx_10_15_universal2.whl", hash = "sha256:c18a4da2f50050a03d1da5317388ef84a16013302a5281d6f64e4a3f406aabc4"},
    {file = "orjson-3.9.10-cp310-cp310-manylinux_2_17_aarch64.manylinux2014_aarch64.whl", hash = "sha256:5148bab4d71f58948c7c39d12b14a9005b6ab35a0bdf317a8ade9a9e4d9d0bd5"},
    {file = "orjson-3.9.10-cp310-cp310-manylinux_2_17_armv7l.manylinux2014_armv7l.whl", hash = "sha256:4cf7837c3b11a2dfb589f8530b3cff2bd0307ace4c301e8997e95c7468c1378e"},
    {file = "orjson-3.9.10-cp310-cp310-manylinux_2_17_ppc64le.manylinux2014_ppc64le.whl", hash = "sha256:c62b6fa2961a1dcc51ebe88771be5319a93fd89bd247c9ddf732bc250507bc2b"},
    {file = "orjson-3.9.10-cp310-cp310-manylinux_2_17_s390x.manylinux2014_s390x.whl", hash = "sha256:deeb3922a7a804755bbe6b5be9b312e746137a03600f488290318936c1a2d4dc"},
    {file = "orjson-3.9.10-cp310-cp310-manylinux_2_17_x86_64.manylinux2014_x86_64.whl", hash = "sha256:1234dc92d011d3554d929b6cf058ac4a24d188d97be5e04355f1b9223e98bbe9"},
    {file = "orjson-3.9.10-cp310-cp310-musllinux_1_1_aarch64.whl", hash = "sha256:06ad5543217e0e46fd7ab7ea45d506c76f878b87b1b4e369006bdb01acc05a83"},
    {file = "orjson-3.9.10-cp310-cp310-musllinux_1_1_x86_64.whl", hash = "sha256:4fd72fab7bddce46c6826994ce1e7de145ae1e9e106ebb8eb9ce1393ca01444d"},
    {file = "orjson-3.9.10-cp310-none-win32.whl", hash = "sha256:b5b7d4a44cc0e6ff98da5d56cde794385bdd212a86563ac321ca64d7f80c80d1"},
    {file = "orjson-3.9.10-cp310-none-win_amd64.whl", hash = "sha256:61804231099214e2f84998316f3238c4c2c4aaec302df12b21a64d72e2a135c7"},
    {file = "orjson-3.9.10-cp311-cp311-macosx_10_15_x86_64.macosx_11_0_arm64.macosx_10_15_universal2.whl", hash = "sha256:cff7570d492bcf4b64cc862a6e2fb77edd5e5748ad715f487628f102815165e9"},
    {file = "orjson-3.9.10-cp311-cp311-manylinux_2_17_aarch64.manylinux2014_aarch64.whl", hash = "sha256:ed8bc367f725dfc5cabeed1ae079d00369900231fbb5a5280cf0736c30e2adf7"},
    {file = "orjson-3.9.10-cp311-cp311-manylinux_2_17_armv7l.manylinux2014_armv7l.whl", hash = "sha256:c812312847867b6335cfb264772f2a7e85b3b502d3a6b0586aa35e1858528ab1"},
    {file = "orjson-3.9.10-cp311-cp311-manylinux_2_17_ppc64le.manylinux2014_ppc64le.whl", hash = "sha256:9edd2856611e5050004f4722922b7b1cd6268da34102667bd49d2a2b18bafb81"},
    {file = "orjson-3.9.10-cp311-cp311-manylinux_2_17_s390x.manylinux2014_s390x.whl", hash = "sha256:674eb520f02422546c40401f4efaf8207b5e29e420c17051cddf6c02783ff5ca"},
    {file = "orjson-3.9.10-cp311-cp311-manylinux_2_17_x86_64.manylinux2014_x86_64.whl", hash = "sha256:1d0dc4310da8b5f6415949bd5ef937e60aeb0eb6b16f95041b5e43e6200821fb"},
    {file = "orjson-3.9.10-cp311-cp311-musllinux_1_1_aarch64.whl", hash = "sha256:e99c625b8c95d7741fe057585176b1b8783d46ed4b8932cf98ee145c4facf499"},
    {file = "orjson-3.9.10-cp311-cp311-musllinux_1_1_x86_64.whl", hash = "sha256:ec6f18f96b47299c11203edfbdc34e1b69085070d9a3d1f302810cc23ad36bf3"},
    {file = "orjson-3.9.10-cp311-none-win32.whl", hash = "sha256:ce0a29c28dfb8eccd0f16219360530bc3cfdf6bf70ca384dacd36e6c650ef8e8"},
    {file = "orjson-3.9.10-cp311-none-win_amd64.whl", hash = "sha256:cf80b550092cc480a0cbd0750e8189247ff45457e5a023305f7ef1bcec811616"},
    {file = "orjson-3.9.10-cp312-cp312-macosx_10_15_x86_64.macosx_11_0_arm64.macosx_10_15_universal2.whl", hash = "sha256:602a8001bdf60e1a7d544be29c82560a7b49319a0b31d62586548835bbe2c862"},
    {file = "orjson-3.9.10-cp312-cp312-manylinux_2_17_aarch64.manylinux2014_aarch64.whl", hash = "sha256:f295efcd47b6124b01255d1491f9e46f17ef40d3d7eabf7364099e463fb45f0f"},
    {file = "orjson-3.9.10-cp312-cp312-manylinux_2_17_armv7l.manylinux2014_armv7l.whl", hash = "sha256:92af0d00091e744587221e79f68d617b432425a7e59328ca4c496f774a356071"},
    {file = "orjson-3.9.10-cp312-cp312-manylinux_2_17_ppc64le.manylinux2014_ppc64le.whl", hash = "sha256:c5a02360e73e7208a872bf65a7554c9f15df5fe063dc047f79738998b0506a14"},
    {file = "orjson-3.9.10-cp312-cp312-manylinux_2_17_s390x.manylinux2014_s390x.whl", hash = "sha256:858379cbb08d84fe7583231077d9a36a1a20eb72f8c9076a45df8b083724ad1d"},
    {file = "orjson-3.9.10-cp312-cp312-manylinux_2_17_x86_64.manylinux2014_x86_64.whl", hash = "sha256:666c6fdcaac1f13eb982b649e1c311c08d7097cbda24f32612dae43648d8db8d"},
    {file = "orjson-3.9.10-cp312-cp312-musllinux_1_1_aarch64.whl", hash = "sha256:3fb205ab52a2e30354640780ce4587157a9563a68c9beaf52153e1cea9aa0921"},
    {file = "orjson-3.9.10-cp312-cp312-musllinux_1_1_x86_64.whl", hash = "sha256:7ec960b1b942ee3c69323b8721df2a3ce28ff40e7ca47873ae35bfafeb4555ca"},
    {file = "orjson-3.9.10-cp312-none-win_amd64.whl", hash = "sha256:3e892621434392199efb54e69edfff9f699f6cc36dd9553c5bf796058b14b20d"},
    {file = "orjson-3.9.10-cp38-cp38-macosx_10_15_x86_64.macosx_11_0_arm64.macosx_10_15_universal2.whl", hash = "sha256:8b9ba0ccd5a7f4219e67fbbe25e6b4a46ceef783c42af7dbc1da548eb28b6531"},
    {file = "orjson-3.9.10-cp38-cp38-manylinux_2_17_aarch64.manylinux2014_aarch64.whl", hash = "sha256:2e2ecd1d349e62e3960695214f40939bbfdcaeaaa62ccc638f8e651cf0970e5f"},
    {file = "orjson-3.9.10-cp38-cp38-manylinux_2_17_armv7l.manylinux2014_armv7l.whl", hash = "sha256:7f433be3b3f4c66016d5a20e5b4444ef833a1f802ced13a2d852c637f69729c1"},
    {file = "orjson-3.9.10-cp38-cp38-manylinux_2_17_ppc64le.manylinux2014_ppc64le.whl", hash = "sha256:4689270c35d4bb3102e103ac43c3f0b76b169760aff8bcf2d401a3e0e58cdb7f"},
    {file = "orjson-3.9.10-cp38-cp38-manylinux_2_17_s390x.manylinux2014_s390x.whl", hash = "sha256:4bd176f528a8151a6efc5359b853ba3cc0e82d4cd1fab9c1300c5d957dc8f48c"},
    {file = "orjson-3.9.10-cp38-cp38-manylinux_2_17_x86_64.manylinux2014_x86_64.whl", hash = "sha256:3a2ce5ea4f71681623f04e2b7dadede3c7435dfb5e5e2d1d0ec25b35530e277b"},
    {file = "orjson-3.9.10-cp38-cp38-musllinux_1_1_aarch64.whl", hash = "sha256:49f8ad582da6e8d2cf663c4ba5bf9f83cc052570a3a767487fec6af839b0e777"},
    {file = "orjson-3.9.10-cp38-cp38-musllinux_1_1_x86_64.whl", hash = "sha256:2a11b4b1a8415f105d989876a19b173f6cdc89ca13855ccc67c18efbd7cbd1f8"},
    {file = "orjson-3.9.10-cp38-none-win32.whl", hash = "sha256:a353bf1f565ed27ba71a419b2cd3db9d6151da426b61b289b6ba1422a702e643"},
    {file = "orjson-3.9.10-cp38-none-win_amd64.whl", hash = "sha256:e28a50b5be854e18d54f75ef1bb13e1abf4bc650ab9d635e4258c58e71eb6ad5"},
    {file = "orjson-3.9.10-cp39-cp39-macosx_10_15_x86_64.macosx_11_0_arm64.macosx_10_15_universal2.whl", hash = "sha256:ee5926746232f627a3be1cc175b2cfad24d0170d520361f4ce3fa2fd83f09e1d"},
    {file = "orjson-3.9.10-cp39-cp39-manylinux_2_17_aarch64.manylinux2014_aarch64.whl", hash = "sha256:0a73160e823151f33cdc05fe2cea557c5ef12fdf276ce29bb4f1c571c8368a60"},
    {file = "orjson-3.9.10-cp39-cp39-manylinux_2_17_armv7l.manylinux2014_armv7l.whl", hash = "sha256:c338ed69ad0b8f8f8920c13f529889fe0771abbb46550013e3c3d01e5174deef"},
    {file = "orjson-3.9.10-cp39-cp39-manylinux_2_17_ppc64le.manylinux2014_ppc64le.whl", hash = "sha256:5869e8e130e99687d9e4be835116c4ebd83ca92e52e55810962446d841aba8de"},
    {file = "orjson-3.9.10-cp39-cp39-manylinux_2_17_s390x.manylinux2014_s390x.whl", hash = "sha256:d2c1e559d96a7f94a4f581e2a32d6d610df5840881a8cba8f25e446f4d792df3"},
    {file = "orjson-3.9.10-cp39-cp39-manylinux_2_17_x86_64.manylinux2014_x86_64.whl", hash = "sha256:81a3a3a72c9811b56adf8bcc829b010163bb2fc308877e50e9910c9357e78521"},
    {file = "orjson-3.9.10-cp39-cp39-musllinux_1_1_aarch64.whl", hash = "sha256:7f8fb7f5ecf4f6355683ac6881fd64b5bb2b8a60e3ccde6ff799e48791d8f864"},
    {file = "orjson-3.9.10-cp39-cp39-musllinux_1_1_x86_64.whl", hash = "sha256:c943b35ecdf7123b2d81d225397efddf0bce2e81db2f3ae633ead38e85cd5ade"},
    {file = "orjson-3.9.10-cp39-none-win32.whl", hash = "sha256:fb0b361d73f6b8eeceba47cd37070b5e6c9de5beaeaa63a1cb35c7e1a73ef088"},
    {file = "orjson-3.9.10-cp39-none-win_amd64.whl", hash = "sha256:b90f340cb6397ec7a854157fac03f0c82b744abdd1c0941a024c3c29d1340aff"},
    {file = "orjson-3.9.10.tar.gz", hash = "sha256:9ebbdbd6a046c304b1845e96fbcc5559cd296b4dfd3ad2509e33c4d9ce07d6a1"},
]

[[package]]
name = "pyarrow"
version = "14.0.2"
description = "Python library for Apache Arrow"
optional = false
python-versions = ">=3.8"
files = [
    {file = "pyarrow-14.0.2-cp310-cp310-macosx_10_14_x86_64.whl", hash = "sha256:ba9fe808596c5dbd08b3aeffe901e5f81095baaa28e7d5118e01354c64f22807"},
    {file = "pyarrow-14.0.2-cp310-cp310-macosx_11_0_arm64.whl", hash = "sha256:22a768987a16bb46220cef490c56c671993fbee8fd0475febac0b3e16b00a10e"},
    {file = "pyarrow-14.0.2-cp310-cp310-manylinux_2_17_aarch64.manylinux2014_aarch64.whl", hash = "sha256:2dbba05e98f247f17e64303eb876f4a80fcd32f73c7e9ad975a83834d81f3fda"},
    {file = "pyarrow-14.0.2-cp310-cp310-manylinux_2_17_x86_64.manylinux2014_x86_64.whl", hash = "sha256:a898d134d00b1eca04998e9d286e19653f9d0fcb99587310cd10270907452a6b"},
    {file = "pyarrow-14.0.2-cp310-cp310-manylinux_2_28_aarch64.whl", hash = "sha256:87e879323f256cb04267bb365add7208f302df942eb943c93a9dfeb8f44840b1"},
    {file = "pyarrow-14.0.2-cp310-cp310-manylinux_2_28_x86_64.whl", hash = "sha256:76fc257559404ea5f1306ea9a3ff0541bf996ff3f7b9209fc517b5e83811fa8e"},
    {file = "pyarrow-14.0.2-cp310-cp310-win_amd64.whl", hash = "sha256:b0c4a18e00f3a32398a7f31da47fefcd7a927545b396e1f15d0c85c2f2c778cd"},
    {file = "pyarrow-14.0.2-cp311-cp311-macosx_10_14_x86_64.whl", hash = "sha256:87482af32e5a0c0cce2d12eb3c039dd1d853bd905b04f3f953f147c7a196915b"},
    {file = "pyarrow-14.0.2-cp311-cp311-macosx_11_0_arm64.whl", hash = "sha256:059bd8f12a70519e46cd64e1ba40e97eae55e0cbe1695edd95384653d7626b23"},
    {file = "pyarrow-14.0.2-cp311-cp311-manylinux_2_17_aarch64.manylinux2014_aarch64.whl", hash = "sha256:3f16111f9ab27e60b391c5f6d197510e3ad6654e73857b4e394861fc79c37200"},
    {file = "pyarrow-14.0.2-cp311-cp311-manylinux_2_17_x86_64.manylinux2014_x86_64.whl", hash = "sha256:06ff1264fe4448e8d02073f5ce45a9f934c0f3db0a04460d0b01ff28befc3696"},
    {file = "pyarrow-14.0.2-cp311-cp311-manylinux_2_28_aarch64.whl", hash = "sha256:6dd4f4b472ccf4042f1eab77e6c8bce574543f54d2135c7e396f413046397d5a"},
    {file = "pyarrow-14.0.2-cp311-cp311-manylinux_2_28_x86_64.whl", hash = "sha256:32356bfb58b36059773f49e4e214996888eeea3a08893e7dbde44753799b2a02"},
    {file = "pyarrow-14.0.2-cp311-cp311-win_amd64.whl", hash = "sha256:52809ee69d4dbf2241c0e4366d949ba035cbcf48409bf404f071f624ed313a2b"},
    {file = "pyarrow-14.0.2-cp312-cp312-macosx_10_14_x86_64.whl", hash = "sha256:c87824a5ac52be210d32906c715f4ed7053d0180c1060ae3ff9b7e560f53f944"},
    {file = "pyarrow-14.0.2-cp312-cp312-macosx_11_0_arm64.whl", hash = "sha256:a25eb2421a58e861f6ca91f43339d215476f4fe159eca603c55950c14f378cc5"},
    {file = "pyarrow-14.0.2-cp312-cp312-manylinux_2_17_aarch64.manylinux2014_aarch64.whl", hash = "sha256:5c1da70d668af5620b8ba0a23f229030a4cd6c5f24a616a146f30d2386fec422"},
    {file = "pyarrow-14.0.2-cp312-cp312-manylinux_2_17_x86_64.manylinux2014_x86_64.whl", hash = "sha256:2cc61593c8e66194c7cdfae594503e91b926a228fba40b5cf25cc593563bcd07"},
    {file = "pyarrow-14.0.2-cp312-cp312-manylinux_2_28_aarch64.whl", hash = "sha256:78ea56f62fb7c0ae8ecb9afdd7893e3a7dbeb0b04106f5c08dbb23f9c0157591"},
    {file = "pyarrow-14.0.2-cp312-cp312-manylinux_2_28_x86_64.whl", hash = "sha256:37c233ddbce0c67a76c0985612fef27c0c92aef9413cf5aa56952f359fcb7379"},
    {file = "pyarrow-14.0.2-cp312-cp312-win_amd64.whl", hash = "sha256:e4b123ad0f6add92de898214d404e488167b87b5dd86e9a434126bc2b7a5578d"},
    {file = "pyarrow-14.0.2-cp38-cp38-macosx_10_14_x86_64.whl", hash = "sha256:e354fba8490de258be7687f341bc04aba181fc8aa1f71e4584f9890d9cb2dec2"},
    {file = "pyarrow-14.0.2-cp38-cp38-macosx_11_0_arm64.whl", hash = "sha256:20e003a23a13da963f43e2b432483fdd8c38dc8882cd145f09f21792e1cf22a1"},
    {file = "pyarrow-14.0.2-cp38-cp38-manylinux_2_17_aarch64.manylinux2014_aarch64.whl", hash = "sha256:fc0de7575e841f1595ac07e5bc631084fd06ca8b03c0f2ecece733d23cd5102a"},
    {file = "pyarrow-14.0.2-cp38-cp38-manylinux_2_17_x86_64.manylinux2014_x86_64.whl", hash = "sha256:66e986dc859712acb0bd45601229021f3ffcdfc49044b64c6d071aaf4fa49e98"},
    {file = "pyarrow-14.0.2-cp38-cp38-manylinux_2_28_aarch64.whl", hash = "sha256:f7d029f20ef56673a9730766023459ece397a05001f4e4d13805111d7c2108c0"},
    {file = "pyarrow-14.0.2-cp38-cp38-manylinux_2_28_x86_64.whl", hash = "sha256:209bac546942b0d8edc8debda248364f7f668e4aad4741bae58e67d40e5fcf75"},
    {file = "pyarrow-14.0.2-cp38-cp38-win_amd64.whl", hash = "sha256:1e6987c5274fb87d66bb36816afb6f65707546b3c45c44c28e3c4133c010a881"},
    {file = "pyarrow-14.0.2-cp39-cp39-macosx_10_14_x86_64.whl", hash = "sha256:a01d0052d2a294a5f56cc1862933014e696aa08cc7b620e8c0cce5a5d362e976"},
    {file = "pyarrow-14.0.2-cp39-cp39-macosx_11_0_arm64.whl", hash = "sha256:a51fee3a7db4d37f8cda3ea96f32530620d43b0489d169b285d774da48ca9785"},
    {file = "pyarrow-14.0.2-cp39-cp39-manylinux_2_17_aarch64.manylinux2014_aarch64.whl", hash = "sha256:64df2bf1ef2ef14cee531e2dfe03dd924017650ffaa6f9513d7a1bb291e59c15"},
    {file = "pyarrow-14.0.2-cp39-cp39-manylinux_2_17_x86_64.manylinux2014_x86_64.whl", hash = "sha256:3c0fa3bfdb0305ffe09810f9d3e2e50a2787e3a07063001dcd7adae0cee3601a"},
    {file = "pyarrow-14.0.2-cp39-cp39-manylinux_2_28_aarch64.whl", hash = "sha256:c65bf4fd06584f058420238bc47a316e80dda01ec0dfb3044594128a6c2db794"},
    {file = "pyarrow-14.0.2-cp39-cp39-manylinux_2_28_x86_64.whl", hash = "sha256:63ac901baec9369d6aae1cbe6cca11178fb018a8d45068aaf5bb54f94804a866"},
    {file = "pyarrow-14.0.2-cp39-cp39-win_amd64.whl", hash = "sha256:75ee0efe7a87a687ae303d63037d08a48ef9ea0127064df18267252cfe2e9541"},
    {file = "pyarrow-14.0.2.tar.gz", hash = "sha256:36cef6ba12b499d864d1def3e990f97949e0b79400d08b7cf74504ffbd3eb025"},
]

[package.dependencies]
numpy = ">=1.16.6"

[[package]]
name = "sniffio"
version = "1.3.0"
description = "Sniff out which async library your code is running under"
optional = false
python-versions = ">=3.7"
files = [
    {file = "sniffio-1.3.0-py3-none-any.whl", hash = "sha256:eecefdce1e5bbfb7ad2eeaabf7c1eeb404d7757c379bd1f7e5cce9d8bf425384"},
    {file = "sniffio-1.3.0.tar.gz", hash = "sha256:e60305c5e5d314f5389259b7f22aaa33d8f7dee49763119234af3755c55b9101"},
]

[[package]]
name = "typing-extensions"
version = "4.9.0"
description = "Backported and Experimental Type Hints for Python 3.8+"
optional = false
python-versions = ">=3.8"
files = [
    {file = "typing_extensions-4.9.0-py3-none-any.whl", hash = "sha256:af72aea155e91adfc61c3ae9e0e342dbc0cba726d6cba4b6c72c1f34e47291cd"},
    {file = "typing_extensions-4.9.0.tar.gz", hash = "sha256:23478f88c37f27d76ac8aee6c905017a143b0b1b886c3c9f66bc2fd94f9f5783"},
]

[metadata]
lock-version = "2.0"
python-versions = ">=3.10"
content-hash = "2e5fc69c54909f79d438c10b99b3192f0c29ff1d2fa73a45e7152928b1a3a370"
